
Microsoft Visual Studio Solution File, Format Version 12.00
# Visual Studio 15
VisualStudioVersion = 15.0.26730.16
MinimumVisualStudioVersion = 10.0.40219.1
Project("{FAE04EC0-301F-11D3-BF4B-00C04F79EFBC}") = "Win10Notifications", "Win10Notifications\Win10Notifications.csproj", "{381A44B0-1AC5-462C-848F-DEEE86806E65}"
EndProject
Project("{FAE04EC0-301F-11D3-BF4B-00C04F79EFBC}") = "Tasks", "Tasks\Tasks.csproj", "{4E5B6D74-B793-45DF-805C-BEEA5F5A124D}"
EndProject
Project("{FAE04EC0-301F-11D3-BF4B-00C04F79EFBC}") = "Win32", "Win32\Win32.csproj", "{2B1B0BDE-0E58-4C50-AE25-D7E9517B26D1}"
EndProject
Global
	GlobalSection(SolutionConfigurationPlatforms) = preSolution
		Debug|Any CPU = Debug|Any CPU
		Debug|ARM = Debug|ARM
		Debug|x64 = Debug|x64
		Debug|x86 = Debug|x86
		Release|Any CPU = Release|Any CPU
		Release|ARM = Release|ARM
		Release|x64 = Release|x64
		Release|x86 = Release|x86
	EndGlobalSection
	GlobalSection(ProjectConfigurationPlatforms) = postSolution
		{381A44B0-1AC5-462C-848F-DEEE86806E65}.Debug|Any CPU.ActiveCfg = Debug|x86
		{381A44B0-1AC5-462C-848F-DEEE86806E65}.Debug|ARM.ActiveCfg = Debug|ARM
		{381A44B0-1AC5-462C-848F-DEEE86806E65}.Debug|ARM.Build.0 = Debug|ARM
		{381A44B0-1AC5-462C-848F-DEEE86806E65}.Debug|ARM.Deploy.0 = Debug|ARM
		{381A44B0-1AC5-462C-848F-DEEE86806E65}.Debug|x64.ActiveCfg = Debug|x64
		{381A44B0-1AC5-462C-848F-DEEE86806E65}.Debug|x64.Build.0 = Debug|x64
		{381A44B0-1AC5-462C-848F-DEEE86806E65}.Debug|x64.Deploy.0 = Debug|x64
		{381A44B0-1AC5-462C-848F-DEEE86806E65}.Debug|x86.ActiveCfg = Debug|x86
		{381A44B0-1AC5-462C-848F-DEEE86806E65}.Debug|x86.Build.0 = Debug|x86
		{381A44B0-1AC5-462C-848F-DEEE86806E65}.Debug|x86.Deploy.0 = Debug|x86
		{381A44B0-1AC5-462C-848F-DEEE86806E65}.Release|Any CPU.ActiveCfg = Release|x86
		{381A44B0-1AC5-462C-848F-DEEE86806E65}.Release|ARM.ActiveCfg = Release|ARM
		{381A44B0-1AC5-462C-848F-DEEE86806E65}.Release|ARM.Build.0 = Release|ARM
		{381A44B0-1AC5-462C-848F-DEEE86806E65}.Release|ARM.Deploy.0 = Release|ARM
		{381A44B0-1AC5-462C-848F-DEEE86806E65}.Release|x64.ActiveCfg = Release|x64
		{381A44B0-1AC5-462C-848F-DEEE86806E65}.Release|x64.Build.0 = Release|x64
		{381A44B0-1AC5-462C-848F-DEEE86806E65}.Release|x64.Deploy.0 = Release|x64
		{381A44B0-1AC5-462C-848F-DEEE86806E65}.Release|x86.ActiveCfg = Release|x86
		{381A44B0-1AC5-462C-848F-DEEE86806E65}.Release|x86.Build.0 = Release|x86
		{381A44B0-1AC5-462C-848F-DEEE86806E65}.Release|x86.Deploy.0 = Release|x86
		{4E5B6D74-B793-45DF-805C-BEEA5F5A124D}.Debug|Any CPU.ActiveCfg = Debug|Any CPU
		{4E5B6D74-B793-45DF-805C-BEEA5F5A124D}.Debug|Any CPU.Build.0 = Debug|Any CPU
		{4E5B6D74-B793-45DF-805C-BEEA5F5A124D}.Debug|ARM.ActiveCfg = Debug|ARM
		{4E5B6D74-B793-45DF-805C-BEEA5F5A124D}.Debug|ARM.Build.0 = Debug|ARM
		{4E5B6D74-B793-45DF-805C-BEEA5F5A124D}.Debug|x64.ActiveCfg = Debug|x64
		{4E5B6D74-B793-45DF-805C-BEEA5F5A124D}.Debug|x64.Build.0 = Debug|x64
		{4E5B6D74-B793-45DF-805C-BEEA5F5A124D}.Debug|x86.ActiveCfg = Debug|x86
		{4E5B6D74-B793-45DF-805C-BEEA5F5A124D}.Debug|x86.Build.0 = Debug|x86
		{4E5B6D74-B793-45DF-805C-BEEA5F5A124D}.Release|Any CPU.ActiveCfg = Release|Any CPU
		{4E5B6D74-B793-45DF-805C-BEEA5F5A124D}.Release|Any CPU.Build.0 = Release|Any CPU
		{4E5B6D74-B793-45DF-805C-BEEA5F5A124D}.Release|ARM.ActiveCfg = Release|ARM
		{4E5B6D74-B793-45DF-805C-BEEA5F5A124D}.Release|ARM.Build.0 = Release|ARM
		{4E5B6D74-B793-45DF-805C-BEEA5F5A124D}.Release|x64.ActiveCfg = Release|x64
		{4E5B6D74-B793-45DF-805C-BEEA5F5A124D}.Release|x64.Build.0 = Release|x64
		{4E5B6D74-B793-45DF-805C-BEEA5F5A124D}.Release|x86.ActiveCfg = Release|x86
		{4E5B6D74-B793-45DF-805C-BEEA5F5A124D}.Release|x86.Build.0 = Release|x86
		{2B1B0BDE-0E58-4C50-AE25-D7E9517B26D1}.Debug|Any CPU.ActiveCfg = Debug|Any CPU
		{2B1B0BDE-0E58-4C50-AE25-D7E9517B26D1}.Debug|Any CPU.Build.0 = Debug|Any CPU
		{2B1B0BDE-0E58-4C50-AE25-D7E9517B26D1}.Debug|ARM.ActiveCfg = Debug|ARM
		{2B1B0BDE-0E58-4C50-AE25-D7E9517B26D1}.Debug|ARM.Build.0 = Debug|ARM
		{2B1B0BDE-0E58-4C50-AE25-D7E9517B26D1}.Debug|x64.ActiveCfg = Debug|x64
		{2B1B0BDE-0E58-4C50-AE25-D7E9517B26D1}.Debug|x64.Build.0 = Debug|x64
		{2B1B0BDE-0E58-4C50-AE25-D7E9517B26D1}.Debug|x86.ActiveCfg = Debug|x86
		{2B1B0BDE-0E58-4C50-AE25-D7E9517B26D1}.Debug|x86.Build.0 = Debug|x86
		{2B1B0BDE-0E58-4C50-AE25-D7E9517B26D1}.Release|Any CPU.ActiveCfg = Release|Any CPU
		{2B1B0BDE-0E58-4C50-AE25-D7E9517B26D1}.Release|Any CPU.Build.0 = Release|Any CPU
		{2B1B0BDE-0E58-4C50-AE25-D7E9517B26D1}.Release|ARM.ActiveCfg = Release|ARM
		{2B1B0BDE-0E58-4C50-AE25-D7E9517B26D1}.Release|ARM.Build.0 = Release|ARM
		{2B1B0BDE-0E58-4C50-AE25-D7E9517B26D1}.Release|x64.ActiveCfg = Release|x64
		{2B1B0BDE-0E58-4C50-AE25-D7E9517B26D1}.Release|x64.Build.0 = Release|x64
		{2B1B0BDE-0E58-4C50-AE25-D7E9517B26D1}.Release|x86.ActiveCfg = Release|x86
		{2B1B0BDE-0E58-4C50-AE25-D7E9517B26D1}.Release|x86.Build.0 = Release|x86
	EndGlobalSection
	GlobalSection(SolutionProperties) = preSolution
		HideSolutionNode = FALSE
	EndGlobalSection
	GlobalSection(ExtensibilityGlobals) = postSolution
		SolutionGuid = {43653BC0-F102-4DE2-B40B-F2CFD5B1D889}
	EndGlobalSection
EndGlobal
